PATH
  remote: .
  specs:
    dev (0.2.21)
      cli-ui
      sorbet-runtime

GEM
  remote: https://rubygems.org/
  specs:
    ast (2.4.3)
    ast_transform (2.1.4)
      parser (>= 3.0)
      prism (>= 1.5)
      unparser (>= 0.6)
    benchmark (0.5.0)
    byebug (13.0.0)
      reline (>= 0.6.0)
    cli-ui (2.7.0)
    coderay (1.1.3)
    diff-lcs (2.0.0)
    erubi (1.13.1)
    io-console (0.8.2)
    logger (1.7.0)
    method_source (1.1.0)
    minitest (5.27.0)
    mocha (3.0.2)
      ruby2_keywords (>= 0.0.5)
    netrc (0.11.0)
    parallel (1.27.0)
    parser (3.3.10.2)
      ast (~> 2.4.1)
      racc
    prism (1.9.0)
    pry (0.16.0)
      coderay (~> 1.1)
      method_source (~> 1.0)
      reline (>= 0.6.0)
    pry-byebug (3.12.0)
      byebug (~> 13.0)
      pry (>= 0.13, < 0.17)
    racc (1.8.1)
    rake (13.3.1)
    rbi (0.3.9)
      prism (~> 1.0)
      rbs (>= 3.4.4)
    rbs (4.0.0.dev.5)
      logger
      prism (>= 1.3.0)
      tsort
    reline (0.6.3)
      io-console (~> 0.5)
    require-hooks (0.2.3)
    rexml (3.4.4)
    rspock (2.5.0)
      ast_transform (~> 2.0)
      minitest (~> 5.0)
      mocha (>= 1.0)
      parser (>= 3.0)
      unparser (>= 0.6)
    ruby2_keywords (0.0.5)
    sorbet (0.6.12971)
      sorbet-static (= 0.6.12971)
    sorbet-runtime (0.6.12971)
    sorbet-static (0.6.12971-aarch64-linux)
    sorbet-static (0.6.12971-universal-darwin)
    sorbet-static (0.6.12971-x86_64-linux)
    sorbet-static-and-runtime (0.6.12971)
      sorbet (= 0.6.12971)
      sorbet-runtime (= 0.6.12971)
    spoom (1.7.11)
      erubi (>= 1.10.0)
      prism (>= 0.28.0)
      rbi (>= 0.3.3)
      rbs (>= 4.0.0.dev.4)
      rexml (>= 3.2.6)
      sorbet-static-and-runtime (>= 0.5.10187)
      thor (>= 0.19.2)
    tapioca (0.17.10)
      benchmark
      bundler (>= 2.2.25)
      netrc (>= 0.11.0)
      parallel (>= 1.21.0)
      rbi (>= 0.3.7)
      require-hooks (>= 0.2.2)
      sorbet-static-and-runtime (>= 0.5.11087)
      spoom (>= 1.7.9)
      thor (>= 1.2.0)
      yard-sorbet
    thor (1.5.0)
    tsort (0.2.0)
    unparser (0.8.2)
      diff-lcs (>= 1.6, < 3)
      parser (>= 3.3.0)
      prism (>= 1.5.1)
    yard (0.9.38)
    yard-sorbet (0.9.0)
      sorbet-runtime
      yard

PLATFORMS
  aarch64-linux
  universal-darwin
  x86_64-linux

DEPENDENCIES
  dev!
  minitest
  pry (~> 0.14)
  pry-byebug (~> 3.11)
  rake
  rbs (~> 4.0.0.dev.5)
  rspock (~> 2.3)
  sorbet
  tapioca

CHECKSUMS
  ast (2.4.3) sha256=954615157c1d6a382bc27d690d973195e79db7f55e9765ac7c481c60bdb4d383
  ast_transform (2.1.4) sha256=3414a65911cf583a32af3ebf643e29033e135a817c1286548a7452cf49e71ac8
  benchmark (0.5.0) sha256=465df122341aedcb81a2a24b4d3bd19b6c67c1530713fd533f3ff034e419236c
  byebug (13.0.0) sha256=d2263efe751941ca520fa29744b71972d39cbc41839496706f5d9b22e92ae05d
  cli-ui (2.7.0) sha256=e36147f2e8088796b996f0560f577bd1599f2b6aa3c374fe09fff59af5589c35
  coderay (1.1.3) sha256=dc530018a4684512f8f38143cd2a096c9f02a1fc2459edcfe534787a7fc77d4b
  dev (0.2.21)
  diff-lcs (2.0.0) sha256=708a5d52ec2945b50f8f53a181174aa1ef2c496edf81c05957fe956dabb363d5
  erubi (1.13.1) sha256=a082103b0885dbc5ecf1172fede897f9ebdb745a4b97a5e8dc63953db1ee4ad9
  io-console (0.8.2) sha256=d6e3ae7a7cc7574f4b8893b4fca2162e57a825b223a177b7afa236c5ef9814cc
  logger (1.7.0) sha256=196edec7cc44b66cfb40f9755ce11b392f21f7967696af15d274dde7edff0203
  method_source (1.1.0) sha256=181301c9c45b731b4769bc81e8860e72f9161ad7d66dd99103c9ab84f560f5c5
  minitest (5.27.0) sha256=2d3b17f8a36fe7801c1adcffdbc38233b938eb0b4966e97a6739055a45fa77d5
  mocha (3.0.2) sha256=3d8029531d8b71bff5ae07040758f77fdf578174189ffda1bef7749a59e92df8
  netrc (0.11.0) sha256=de1ce33da8c99ab1d97871726cba75151113f117146becbe45aa85cb3dabee3f
  parallel (1.27.0) sha256=4ac151e1806b755fb4e2dc2332cbf0e54f2e24ba821ff2d3dcf86bf6dc4ae130
  parser (3.3.10.2) sha256=6f60c84aa4bdcedb6d1a2434b738fe8a8136807b6adc8f7f53b97da9bc4e9357
  prism (1.9.0) sha256=7b530c6a9f92c24300014919c9dcbc055bf4cdf51ec30aed099b06cd6674ef85
  pry (0.16.0) sha256=d76c69065698ed1f85e717bd33d7942c38a50868f6b0673c636192b3d1b6054e
  pry-byebug (3.12.0) sha256=594e094ae8a8390a7ad4c7b36ae36e13304ed02664c67417d108dc5f7213d1b7
  racc (1.8.1) sha256=4a7f6929691dbec8b5209a0b373bc2614882b55fc5d2e447a21aaa691303d62f
  rake (13.3.1) sha256=8c9e89d09f66a26a01264e7e3480ec0607f0c497a861ef16063604b1b08eb19c
  rbi (0.3.9) sha256=d6a187bd0b376e999d3d82a5e5798a61178be98b894b7b35741c14162c9ea015
  rbs (4.0.0.dev.5) sha256=273938e5a9c7f06b041be583588f2aa1976149bda2ce213e33e129c51534e174
  reline (0.6.3) sha256=1198b04973565b36ec0f11542ab3f5cfeeec34823f4e54cebde90968092b1835
  require-hooks (0.2.3) sha256=224be5b4be0fd2a47cb73286c500da366704a54ec195b6627366380c950efac8
  rexml (3.4.4) sha256=19e0a2c3425dfbf2d4fc1189747bdb2f849b6c5e74180401b15734bc97b5d142
  rspock (2.5.0) sha256=5bac4d22eab6f10a04523d9d5368f451b4c261c51cab092d8a8e868318f9b348
  ruby2_keywords (0.0.5) sha256=ffd13740c573b7301cf7a2e61fc857b2a8e3d3aff32545d6f8300d8bae10e3ef
  sorbet (0.6.12971) sha256=2b22b9dc976ac4f3d5af27e0365c9b0235fca0244ec644f4f52f9e7bb6b67acc
  sorbet-runtime (0.6.12971) sha256=1c2c75a262f88c4fbdb36b5617b0b11bfc7c69b11a500b3334bd67d075288a45
  sorbet-static (0.6.12971-aarch64-linux) sha256=f247bb625cd50238fea2ee7c4328f079869bbef8cdba17da72fc0e21db528bfb
  sorbet-static (0.6.12971-universal-darwin) sha256=6088d4ecd516adc3342d729216b7464793375767ee175494bb7ed95596046194
  sorbet-static (0.6.12971-x86_64-linux) sha256=99d24c0b3f68278e254209a64fb4b2805b330224fa461f0afd20c95b9ddc5095
  sorbet-static-and-runtime (0.6.12971) sha256=2068fe21c2a959f3b463d59d91a4a8237fd8a542041c62b5f4998e51e36823cc
  spoom (1.7.11) sha256=4e27384af6d3fde5aadc0287c51e6f76c0802259cbb3b6a67603bf718352f4cf
  tapioca (0.17.10) sha256=880a682ca8314f798dd09e9f104134fbf1a713c13be51f7dd4741dd434e6471b
  thor (1.5.0) sha256=e3a9e55fe857e44859ce104a84675ab6e8cd59c650a49106a05f55f136425e73
  tsort (0.2.0) sha256=9650a793f6859a43b6641671278f79cfead60ac714148aabe4e3f0060480089f
  unparser (0.8.2) sha256=654af48a6cfa25baf145563e01f40c60ca7d5c7520ff506912d0bb2f1240fd00
  yard (0.9.38) sha256=721fb82afb10532aa49860655f6cc2eaa7130889df291b052e1e6b268283010f
  yard-sorbet (0.9.0) sha256=03d1aa461b9e9c82b886919a13aa3e09fcf4d1852239d2967ed97e92723ffe21

BUNDLED WITH
  4.0.3
