# Generated by dev. Do not edit.
# Edit dependencies.rb and run dev update-deps to change.
# dependencies-digest: 977b7a12f74c82f37daf8637a3957a88eaa9725173128f82a227c04c2a161ef3

git:
  integration: brew
  group: baseline
  version: 2.55.0
  hash: SHA256=8cae58826d317457128023d07c07f00ac00aaf3019356ff72a837e804f5d0306
gh:
  integration: brew
  group: baseline
  version: 2.98.0
  hash: SHA256=a726b1b74d9ec5d18cdd68df30b1eb1f4d0c2ceff1a93d42f227d9501cc92c07
rbenv:
  integration: brew
  group: baseline
  version: 1.3.2
  hash: SHA256=8158fb1f059c1316523b2cc9074c5c041b3944828dc3b76cb032f893e754f013
shadowenv:
  integration: brew
  group: baseline
  version: 3.5.1
  hash: SHA256=3249a38740fd5a0d86466569ae6bb112e7cf33be9ed553ba728937337e2d742d
cursor-agent:
  integration: cursor_agent
  group: agent
  version: 2026.08.11-e8db854
  install_dir: "~/.dev/tools/cursor-agent"
  host: darwin
